// !$*UTF8*$!
{
	archiveVersion = 1;
	classes = {
	};
	objectVersion = 77;
	objects = {

/* Begin PBXContainerItemProxy section */
		E2660A242D53CCD2000CE3FF /* PBXContainerItemProxy */ = {
			isa = PBXContainerItemProxy;
			containerPortal = E2660A0B2D53CCD1000CE3FF /* Project object */;
			proxyType = 1;
			remoteGlobalIDString = E2660A122D53CCD1000CE3FF;
			remoteInfo = EclipseTV;
		};
		E2660A2E2D53CCD2000CE3FF /* PBXContainerItemProxy */ = {
			isa = PBXContainerItemProxy;
			containerPortal = E2660A0B2D53CCD1000CE3FF /* Project object */;
			proxyType = 1;
			remoteGlobalIDString = E2660A122D53CCD1000CE3FF;
			remoteInfo = EclipseTV;
		};
/* End PBXContainerItemProxy section */

/* Begin PBXFileReference section */
		E2660A132D53CCD1000CE3FF /* EclipseTV.app */ = {isa = PBXFileReference; explicitFileType = wrapper.application; includeInIndex = 0; path = EclipseTV.app; sourceTree = BUILT_PRODUCTS_DIR; };
		E2660A232D53CCD2000CE3FF /* EclipseTVTests.xctest */ = {isa = PBXFileReference; explicitFileType = wrapper.cfbundle; includeInIndex = 0; path = EclipseTVTests.xctest; sourceTree = BUILT_PRODUCTS_DIR; };
		E2660A2D2D53CCD2000CE3FF /* EclipseTVUITests.xctest */ = {isa = PBXFileReference; explicitFileType = wrapper.cfbundle; includeInIndex = 0; path = EclipseTVUITests.xctest; sourceTree = BUILT_PRODUCTS_DIR; };
/* End PBXFileReference section */

/* Begin PBXFileSystemSynchronizedBuildFileExceptionSet section */
		E2660A772D53CD9A000CE3FF /* Exceptions for "EclipseTV" folder in "EclipseTV" target */ = {
			isa = PBXFileSystemSynchronizedBuildFileExceptionSet;
			membershipExceptions = (
				Info.plist,
			);
			target = E2660A122D53CCD1000CE3FF /* EclipseTV */;
		};
/* End PBXFileSystemSynchronizedBuildFileExceptionSet section */

/* Begin PBXFileSystemSynchronizedRootGroup section */
		E2660A152D53CCD1000CE3FF /* EclipseTV */ = {
			isa = PBXFileSystemSynchronizedRootGroup;
			exceptions = (
				E2660A772D53CD9A000CE3FF /* Exceptions for "EclipseTV" folder in "EclipseTV" target */,
			);
			path = EclipseTV;
			sourceTree = "<group>";
		};
		E2660A262D53CCD2000CE3FF /* EclipseTVTests */ = {
			isa = PBXFileSystemSynchronizedRootGroup;
			path = EclipseTVTests;
			sourceTree = "<group>";
		};
		E2660A302D53CCD2000CE3FF /* EclipseTVUITests */ = {
			isa = PBXFileSystemSynchronizedRootGroup;
			path = EclipseTVUITests;
			sourceTree = "<group>";
		};
/* End PBXFileSystemSynchronizedRootGroup section */

/* Begin PBXFrameworksBuildPhase section */
		E2660A102D53CCD1000CE3FF /* Frameworks */ = {
			isa = PBXFrameworksBuildPhase;
			buildActionMask = 2147483647;
			files = (
			);
			runOnlyForDeploymentPostprocessing = 0;
		};
		E2660A202D53CCD2000CE3FF /* Frameworks */ = {
			isa = PBXFrameworksBuildPhase;
			buildActionMask = 2147483647;
			files = (
			);
			runOnlyForDeploymentPostprocessing = 0;
		};
		E2660A2A2D53CCD2000CE3FF /* Frameworks */ = {
			isa = PBXFrameworksBuildPhase;
			buildActionMask = 2147483647;
			files = (
			);
			runOnlyForDeploymentPostprocessing = 0;
		};
/* End PBXFrameworksBuildPhase section */

/* Begin PBXGroup section */
		E2660A0A2D53CCD1000CE3FF = {
			isa = PBXGroup;
			children = (
				E2660A152D53CCD1000CE3FF /* EclipseTV */,
				E2660A262D53CCD2000CE3FF /* EclipseTVTests */,
				E2660A302D53CCD2000CE3FF /* EclipseTVUITests */,
				E2660A142D53CCD1000CE3FF /* Products */,
			);
			sourceTree = "<group>";
		};
		E2660A142D53CCD1000CE3FF /* Products */ = {
			isa = PBXGroup;
			children = (
				E2660A132D53CCD1000CE3FF /* EclipseTV.app */,
				E2660A232D53CCD2000CE3FF /* EclipseTVTests.xctest */,
				E2660A2D2D53CCD2000CE3FF /* EclipseTVUITests.xctest */,
			);
			name = Products;
			sourceTree = "<group>";
		};
/* End PBXGroup section */

/* Begin PBXNativeTarget section */
		E2660A122D53CCD1000CE3FF /* EclipseTV */ = {
			isa = PBXNativeTarget;
			buildConfigurationList = E2660A372D53CCD2000CE3FF /* Build configuration list for PBXNativeTarget "EclipseTV" */;
			buildPhases = (
				E2660A0F2D53CCD1000CE3FF /* Sources */,
				E2660A102D53CCD1000CE3FF /* Frameworks */,
				E2660A112D53CCD1000CE3FF /* Resources */,
			);
			buildRules = (
			);
			dependencies = (
			);
			fileSystemSynchronizedGroups = (
				E2660A152D53CCD1000CE3FF /* EclipseTV */,
			);
			name = EclipseTV;
			packageProductDependencies = (
			);
			productName = EclipseTV;
			productReference = E2660A132D53CCD1000CE3FF /* EclipseTV.app */;
			productType = "com.apple.product-type.application";
		};
		E2660A222D53CCD2000CE3FF /* EclipseTVTests */ = {
			isa = PBXNativeTarget;
			buildConfigurationList = E2660A3A2D53CCD2000CE3FF /* Build configuration list for PBXNativeTarget "EclipseTVTests" */;
			buildPhases = (
				E2660A1F2D53CCD2000CE3FF /* Sources */,
				E2660A202D53CCD2000CE3FF /* Frameworks */,
				E2660A212D53CCD2000CE3FF /* Resources */,
			);
			buildRules = (
			);
			dependencies = (
				E2660A252D53CCD2000CE3FF /* PBXTargetDependency */,
			);
			fileSystemSynchronizedGroups = (
				E2660A262D53CCD2000CE3FF /* EclipseTVTests */,
			);
			name = EclipseTVTests;
			packageProductDependencies = (
			);
			productName = EclipseTVTests;
			productReference = E2660A232D53CCD2000CE3FF /* EclipseTVTests.xctest */;
			productType = "com.apple.product-type.bundle.unit-test";
		};
		E2660A2C2D53CCD2000CE3FF /* EclipseTVUITests */ = {
			isa = PBXNativeTarget;
			buildConfigurationList = E2660A3D2D53CCD2000CE3FF /* Build configuration list for PBXNativeTarget "EclipseTVUITests" */;
			buildPhases = (
				E2660A292D53CCD2000CE3FF /* Sources */,
				E2660A2A2D53CCD2000CE3FF /* Frameworks */,
				E2660A2B2D53CCD2000CE3FF /* Resources */,
			);
			buildRules = (
			);
			dependencies = (
				E2660A2F2D53CCD2000CE3FF /* PBXTargetDependency */,
			);
			fileSystemSynchronizedGroups = (
				E2660A302D53CCD2000CE3FF /* EclipseTVUITests */,
			);
			name = EclipseTVUITests;
			packageProductDependencies = (
			);
			productName = EclipseTVUITests;
			productReference = E2660A2D2D53CCD2000CE3FF /* EclipseTVUITests.xctest */;
			productType = "com.apple.product-type.bundle.ui-testing";
		};
/* End PBXNativeTarget section */

/* Begin PBXProject section */
		E2660A0B2D53CCD1000CE3FF /* Project object */ = {
			isa = PBXProject;
			attributes = {
				BuildIndependentTargetsInParallel = 1;
				LastSwiftUpdateCheck = 1620;
				LastUpgradeCheck = 1620;
				TargetAttributes = {
					E2660A122D53CCD1000CE3FF = {
						CreatedOnToolsVersion = 16.2;
					};
					E2660A222D53CCD2000CE3FF = {
						CreatedOnToolsVersion = 16.2;
						TestTargetID = E2660A122D53CCD1000CE3FF;
					};
					E2660A2C2D53CCD2000CE3FF = {
						CreatedOnToolsVersion = 16.2;
						TestTargetID = E2660A122D53CCD1000CE3FF;
					};
				};
			};
			buildConfigurationList = E2660A0E2D53CCD1000CE3FF /* Build configuration list for PBXProject "EclipseTV" */;
			developmentRegion = en;
			hasScannedForEncodings = 0;
			knownRegions = (
				en,
				Base,
			);
			mainGroup = E2660A0A2D53CCD1000CE3FF;
			minimizedProjectReferenceProxies = 1;
			preferredProjectObjectVersion = 77;
			productRefGroup = E2660A142D53CCD1000CE3FF /* Products */;
			projectDirPath = "";
			projectRoot = "";
			targets = (
				E2660A122D53CCD1000CE3FF /* EclipseTV */,
				E2660A222D53CCD2000CE3FF /* EclipseTVTests */,
				E2660A2C2D53CCD2000CE3FF /* EclipseTVUITests */,
			);
		};
/* End PBXProject section */

/* Begin PBXResourcesBuildPhase section */
		E2660A112D53CCD1000CE3FF /* Resources */ = {
			isa = PBXResourcesBuildPhase;
			buildActionMask = 2147483647;
			files = (
			);
			runOnlyForDeploymentPostprocessing = 0;
		};
		E2660A212D53CCD2000CE3FF /* Resources */ = {
			isa = PBXResourcesBuildPhase;
			buildActionMask = 2147483647;
			files = (
			);
			runOnlyForDeploymentPostprocessing = 0;
		};
		E2660A2B2D53CCD2000CE3FF /* Resources */ = {
			isa = PBXResourcesBuildPhase;
			buildActionMask = 2147483647;
			files = (
			);
			runOnlyForDeploymentPostprocessing = 0;
		};
/* End PBXResourcesBuildPhase section */

/* Begin PBXSourcesBuildPhase section */
		E2660A0F2D53CCD1000CE3FF /* Sources */ = {
			isa = PBXSourcesBuildPhase;
			buildActionMask = 2147483647;
			files = (
			);
			runOnlyForDeploymentPostprocessing = 0;
		};
		E2660A1F2D53CCD2000CE3FF /* Sources */ = {
			isa = PBXSourcesBuildPhase;
			buildActionMask = 2147483647;
			files = (
			);
			runOnlyForDeploymentPostprocessing = 0;
		};
		E2660A292D53CCD2000CE3FF /* Sources */ = {
			isa = PBXSourcesBuildPhase;
			buildActionMask = 2147483647;
			files = (
			);
			runOnlyForDeploymentPostprocessing = 0;
		};
/* End PBXSourcesBuildPhase section */

/* Begin PBXTargetDependency section */
		E2660A252D53CCD2000CE3FF /* PBXTargetDependency */ = {
			isa = PBXTargetDependency;
			target = E2660A122D53CCD1000CE3FF /* EclipseTV */;
			targetProxy = E2660A242D53CCD2000CE3FF /* PBXContainerItemProxy */;
		};
		E2660A2F2D53CCD2000CE3FF /* PBXTargetDependency */ = {
			isa = PBXTargetDependency;
			target = E2660A122D53CCD1000CE3FF /* EclipseTV */;
			targetProxy = E2660A2E2D53CCD2000CE3FF /* PBXContainerItemProxy */;
		};
/* End PBXTargetDependency section */

/* Begin XCBuildConfiguration section */
		E2660A352D53CCD2000CE3FF /* Debug */ = {
			isa = XCBuildConfiguration;
			buildSettings = {
				ALWAYS_SEARCH_USER_PATHS = NO;
				ASSETCATALOG_COMPILER_GENERATE_SWIFT_ASSET_SYMBOL_EXTENSIONS = YES;
				CLANG_ANALYZER_NONNULL = YES;
				CLANG_ANALYZER_NUMBER_OBJECT_CONVERSION = YES_AGGRESSIVE;
				CLANG_CXX_LANGUAGE_STANDARD = "gnu++20";
				CLANG_ENABLE_MODULES = YES;
				CLANG_ENABLE_OBJC_ARC = YES;
				CLANG_ENABLE_OBJC_WEAK = YES;
				CLANG_WARN_BLOCK_CAPTURE_AUTORELEASING = YES;
				CLANG_WARN_BOOL_CONVERSION = YES;
				CLANG_WARN_COMMA = YES;
				CLANG_WARN_CONSTANT_CONVERSION = YES;
				CLANG_WARN_DEPRECATED_OBJC_IMPLEMENTATIONS = YES;
				CLANG_WARN_DIRECT_OBJC_ISA_USAGE = YES_ERROR;
				CLANG_WARN_DOCUMENTATION_COMMENTS = YES;
				CLANG_WARN_EMPTY_BODY = YES;
				CLANG_WARN_ENUM_CONVERSION = YES;
				CLANG_WARN_INFINITE_RECURSION = YES;
				CLANG_WARN_INT_CONVERSION = YES;
				CLANG_WARN_NON_LITERAL_NULL_CONVERSION = YES;
				CLANG_WARN_OBJC_IMPLICIT_RETAIN_SELF = YES;
				CLANG_WARN_OBJC_LITERAL_CONVERSION = YES;
				CLANG_WARN_OBJC_ROOT_CLASS = YES_ERROR;
				CLANG_WARN_QUOTED_INCLUDE_IN_FRAMEWORK_HEADER = YES;
				CLANG_WARN_RANGE_LOOP_ANALYSIS = YES;
				CLANG_WARN_STRICT_PROTOTYPES = YES;
				CLANG_WARN_SUSPICIOUS_MOVE = YES;
				CLANG_WARN_UNGUARDED_AVAILABILITY = YES_AGGRESSIVE;
				CLANG_WARN_UNREACHABLE_CODE = YES;
				CLANG_WARN__DUPLICATE_METHOD_MATCH = YES;
				COPY_PHASE_STRIP = NO;
				DEBUG_INFORMATION_FORMAT = dwarf;
				ENABLE_STRICT_OBJC_MSGSEND = YES;
				ENABLE_TESTABILITY = YES;
				ENABLE_USER_SCRIPT_SANDBOXING = YES;
				GCC_C_LANGUAGE_STANDARD = gnu17;
				GCC_DYNAMIC_NO_PIC = NO;
				GCC_NO_COMMON_BLOCKS = YES;
				GCC_OPTIMIZATION_LEVEL = 0;
				GCC_PREPROCESSOR_DEFINITIONS = (
					"DEBUG=1",
					"$(inherited)",
				);
				GCC_WARN_64_TO_32_BIT_CONVERSION = YES;
				GCC_WARN_ABOUT_RETURN_TYPE = YES_ERROR;
				GCC_WARN_UNDECLARED_SELECTOR = YES;
				GCC_WARN_UNINITIALIZED_AUTOS = YES_AGGRESSIVE;
				GCC_WARN_UNUSED_FUNCTION = YES;
				GCC_WARN_UNUSED_VARIABLE = YES;
				LOCALIZATION_PREFERS_STRING_CATALOGS = YES;
				MTL_ENABLE_DEBUG_INFO = INCLUDE_SOURCE;
				MTL_FAST_MATH = YES;
				ONLY_ACTIVE_ARCH = YES;
				SDKROOT = appletvos;
				SWIFT_ACTIVE_COMPILATION_CONDITIONS = "DEBUG $(inherited)";
				SWIFT_OPTIMIZATION_LEVEL = "-Onone";
				TVOS_DEPLOYMENT_TARGET = 18.2;
			};
			name = Debug;
		};
		E2660A362D53CCD2000CE3FF /* Release */ = {
			isa = XCBuildConfiguration;
			buildSettings = {
				ALWAYS_SEARCH_USER_PATHS = NO;
				ASSETCATALOG_COMPILER_GENERATE_SWIFT_ASSET_SYMBOL_EXTENSIONS = YES;
				CLANG_ANALYZER_NONNULL = YES;
				CLANG_ANALYZER_NUMBER_OBJECT_CONVERSION = YES_AGGRESSIVE;
				CLANG_CXX_LANGUAGE_STANDARD = "gnu++20";
				CLANG_ENABLE_MODULES = YES;
				CLANG_ENABLE_OBJC_ARC = YES;
				CLANG_ENABLE_OBJC_WEAK = YES;
				CLANG_WARN_BLOCK_CAPTURE_AUTORELEASING = YES;
				CLANG_WARN_BOOL_CONVERSION = YES;
				CLANG_WARN_COMMA = YES;
				CLANG_WARN_CONSTANT_CONVERSION = YES;
				CLANG_WARN_DEPRECATED_OBJC_IMPLEMENTATIONS = YES;
				CLANG_WARN_DIRECT_OBJC_ISA_USAGE = YES_ERROR;
				CLANG_WARN_DOCUMENTATION_COMMENTS = YES;
				CLANG_WARN_EMPTY_BODY = YES;
				CLANG_WARN_ENUM_CONVERSION = YES;
				CLANG_WARN_INFINITE_RECURSION = YES;
				CLANG_WARN_INT_CONVERSION = YES;
				CLANG_WARN_NON_LITERAL_NULL_CONVERSION = YES;
				CLANG_WARN_OBJC_IMPLICIT_RETAIN_SELF = YES;
				CLANG_WARN_OBJC_LITERAL_CONVERSION = YES;
				CLANG_WARN_OBJC_ROOT_CLASS = YES_ERROR;
				CLANG_WARN_QUOTED_INCLUDE_IN_FRAMEWORK_HEADER = YES;
				CLANG_WARN_RANGE_LOOP_ANALYSIS = YES;
				CLANG_WARN_STRICT_PROTOTYPES = YES;
				CLANG_WARN_SUSPICIOUS_MOVE = YES;
				CLANG_WARN_UNGUARDED_AVAILABILITY = YES_AGGRESSIVE;
				CLANG_WARN_UNREACHABLE_CODE = YES;
				CLANG_WARN__DUPLICATE_METHOD_MATCH = YES;
				COPY_PHASE_STRIP = NO;
				DEBUG_INFORMATION_FORMAT = "dwarf-with-dsym";
				ENABLE_NS_ASSERTIONS = NO;
				ENABLE_STRICT_OBJC_MSGSEND = YES;
				ENABLE_USER_SCRIPT_SANDBOXING = YES;
				GCC_C_LANGUAGE_STANDARD = gnu17;
				GCC_NO_COMMON_BLOCKS = YES;
				GCC_WARN_64_TO_32_BIT_CONVERSION = YES;
				GCC_WARN_ABOUT_RETURN_TYPE = YES_ERROR;
				GCC_WARN_UNDECLARED_SELECTOR = YES;
				GCC_WARN_UNINITIALIZED_AUTOS = YES_AGGRESSIVE;
				GCC_WARN_UNUSED_FUNCTION = YES;
				GCC_WARN_UNUSED_VARIABLE = YES;
				LOCALIZATION_PREFERS_STRING_CATALOGS = YES;
				MTL_ENABLE_DEBUG_INFO = NO;
				MTL_FAST_MATH = YES;
				SDKROOT = appletvos;
				SWIFT_COMPILATION_MODE = wholemodule;
				TVOS_DEPLOYMENT_TARGET = 18.2;
				VALIDATE_PRODUCT = YES;
			};
			name = Release;
		};
		E2660A382D53CCD2000CE3FF /* Debug */ = {
			isa = XCBuildConfiguration;
			buildSettings = {
				ASSETCATALOG_COMPILER_APPICON_NAME = "App Icon & Top Shelf Image";
				ASSETCATALOG_COMPILER_GLOBAL_ACCENT_COLOR_NAME = AccentColor;
				CODE_SIGN_IDENTITY = "Apple Development";
				CODE_SIGN_STYLE = Automatic;
				CURRENT_PROJECT_VERSION = 1;
				DEVELOPMENT_ASSET_PATHS = "\"EclipseTV/Preview Content\"";
				DEVELOPMENT_TEAM = 2YBTPD32DW;
				ENABLE_PREVIEWS = YES;
				GENERATE_INFOPLIST_FILE = YES;
				INFOPLIST_FILE = EclipseTV/Info.plist;
				INFOPLIST_KEY_CFBundleDisplayName = EclipseTV;
				INFOPLIST_KEY_LSApplicationCategoryType = "public.app-category.utilities";
				INFOPLIST_KEY_NSBluetoothAlwaysUsageDescription = "EclipseCam uses Bluetooth to connect to your Apple TV.";
				INFOPLIST_KEY_NSLocalNetworkUsageDescription = "EclipseCam needs access to the local network to communicate with your Apple TV.";
				INFOPLIST_KEY_UILaunchScreen_Generation = YES;
				INFOPLIST_KEY_UIUserInterfaceStyle = Automatic;
				LD_RUNPATH_SEARCH_PATHS = (
					"$(inherited)",
					"@executable_path/Frameworks",
				);
				MARKETING_VERSION = 1.0;
				PRODUCT_BUNDLE_IDENTIFIER = com.mobleypro.eclipse.EclipseTV;
				PRODUCT_NAME = "$(TARGET_NAME)";
				PROVISIONING_PROFILE_SPECIFIER = "";
				SWIFT_EMIT_LOC_STRINGS = YES;
				SWIFT_VERSION = 5.0;
				TARGETED_DEVICE_FAMILY = 3;
				TVOS_DEPLOYMENT_TARGET = 17.6;
			};
			name = Debug;
		};
		E2660A392D53CCD2000CE3FF /* Release */ = {
			isa = XCBuildConfiguration;
			buildSettings = {
				ASSETCATALOG_COMPILER_APPICON_NAME = "App Icon & Top Shelf Image";
				ASSETCATALOG_COMPILER_GLOBAL_ACCENT_COLOR_NAME = AccentColor;
				CODE_SIGN_IDENTITY = "Apple Development";
				CODE_SIGN_STYLE = Automatic;
				CURRENT_PROJECT_VERSION = 1;
				DEVELOPMENT_ASSET_PATHS = "\"EclipseTV/Preview Content\"";
				DEVELOPMENT_TEAM = 2YBTPD32DW;
				ENABLE_PREVIEWS = YES;
				GENERATE_INFOPLIST_FILE = YES;
				INFOPLIST_FILE = EclipseTV/Info.plist;
				INFOPLIST_KEY_CFBundleDisplayName = EclipseTV;
				INFOPLIST_KEY_LSApplicationCategoryType = "public.app-category.utilities";
				INFOPLIST_KEY_NSBluetoothAlwaysUsageDescription = "EclipseCam uses Bluetooth to connect to your Apple TV.";
				INFOPLIST_KEY_NSLocalNetworkUsageDescription = "EclipseCam needs access to the local network to communicate with your Apple TV.";
				INFOPLIST_KEY_UILaunchScreen_Generation = YES;
				INFOPLIST_KEY_UIUserInterfaceStyle = Automatic;
				LD_RUNPATH_SEARCH_PATHS = (
					"$(inherited)",
					"@executable_path/Frameworks",
				);
				MARKETING_VERSION = 1.0;
				PRODUCT_BUNDLE_IDENTIFIER = com.mobleypro.eclipse.EclipseTV;
				PRODUCT_NAME = "$(TARGET_NAME)";
				PROVISIONING_PROFILE_SPECIFIER = "";
				SWIFT_EMIT_LOC_STRINGS = YES;
				SWIFT_VERSION = 5.0;
				TARGETED_DEVICE_FAMILY = 3;
				TVOS_DEPLOYMENT_TARGET = 17.6;
			};
			name = Release;
		};
		E2660A3B2D53CCD2000CE3FF /* Debug */ = {
			isa = XCBuildConfiguration;
			buildSettings = {
				BUNDLE_LOADER = "$(TEST_HOST)";
				CODE_SIGN_STYLE = Automatic;
				CURRENT_PROJECT_VERSION = 1;
				DEVELOPMENT_TEAM = MMKH8TYY32;
				GENERATE_INFOPLIST_FILE = YES;
				MARKETING_VERSION = 1.0;
				PRODUCT_BUNDLE_IDENTIFIER = com.mobley.eclipse.EclipseTVTests;
				PRODUCT_NAME = "$(TARGET_NAME)";
				SWIFT_EMIT_LOC_STRINGS = NO;
				SWIFT_VERSION = 5.0;
				TARGETED_DEVICE_FAMILY = 3;
				TEST_HOST = "$(BUILT_PRODUCTS_DIR)/EclipseTV.app/$(BUNDLE_EXECUTABLE_FOLDER_PATH)/EclipseTV";
				TVOS_DEPLOYMENT_TARGET = 18.2;
			};
			name = Debug;
		};
		E2660A3C2D53CCD2000CE3FF /* Release */ = {
			isa = XCBuildConfiguration;
			buildSettings = {
				BUNDLE_LOADER = "$(TEST_HOST)";
				CODE_SIGN_STYLE = Automatic;
				CURRENT_PROJECT_VERSION = 1;
				DEVELOPMENT_TEAM = MMKH8TYY32;
				GENERATE_INFOPLIST_FILE = YES;
				MARKETING_VERSION = 1.0;
				PRODUCT_BUNDLE_IDENTIFIER = com.mobley.eclipse.EclipseTVTests;
				PRODUCT_NAME = "$(TARGET_NAME)";
				SWIFT_EMIT_LOC_STRINGS = NO;
				SWIFT_VERSION = 5.0;
				TARGETED_DEVICE_FAMILY = 3;
				TEST_HOST = "$(BUILT_PRODUCTS_DIR)/EclipseTV.app/$(BUNDLE_EXECUTABLE_FOLDER_PATH)/EclipseTV";
				TVOS_DEPLOYMENT_TARGET = 18.2;
			};
			name = Release;
		};
		E2660A3E2D53CCD2000CE3FF /* Debug */ = {
			isa = XCBuildConfiguration;
			buildSettings = {
				CODE_SIGN_STYLE = Automatic;
				CURRENT_PROJECT_VERSION = 1;
				DEVELOPMENT_TEAM = MMKH8TYY32;
				GENERATE_INFOPLIST_FILE = YES;
				MARKETING_VERSION = 1.0;
				PRODUCT_BUNDLE_IDENTIFIER = com.mobley.eclipse.EclipseTVUITests;
				PRODUCT_NAME = "$(TARGET_NAME)";
				SWIFT_EMIT_LOC_STRINGS = NO;
				SWIFT_VERSION = 5.0;
				TARGETED_DEVICE_FAMILY = 3;
				TEST_TARGET_NAME = EclipseTV;
			};
			name = Debug;
		};
		E2660A3F2D53CCD2000CE3FF /* Release */ = {
			isa = XCBuildConfiguration;
			buildSettings = {
				CODE_SIGN_STYLE = Automatic;
				CURRENT_PROJECT_VERSION = 1;
				DEVELOPMENT_TEAM = MMKH8TYY32;
				GENERATE_INFOPLIST_FILE = YES;
				MARKETING_VERSION = 1.0;
				PRODUCT_BUNDLE_IDENTIFIER = com.mobley.eclipse.EclipseTVUITests;
				PRODUCT_NAME = "$(TARGET_NAME)";
				SWIFT_EMIT_LOC_STRINGS = NO;
				SWIFT_VERSION = 5.0;
				TARGETED_DEVICE_FAMILY = 3;
				TEST_TARGET_NAME = EclipseTV;
			};
			name = Release;
		};
/* End XCBuildConfiguration section */

/* Begin XCConfigurationList section */
		E2660A0E2D53CCD1000CE3FF /* Build configuration list for PBXProject "EclipseTV" */ = {
			isa = XCConfigurationList;
			buildConfigurations = (
				E2660A352D53CCD2000CE3FF /* Debug */,
				E2660A362D53CCD2000CE3FF /* Release */,
			);
			defaultConfigurationIsVisible = 0;
			defaultConfigurationName = Release;
		};
		E2660A372D53CCD2000CE3FF /* Build configuration list for PBXNativeTarget "EclipseTV" */ = {
			isa = XCConfigurationList;
			buildConfigurations = (
				E2660A382D53CCD2000CE3FF /* Debug */,
				E2660A392D53CCD2000CE3FF /* Release */,
			);
			defaultConfigurationIsVisible = 0;
			defaultConfigurationName = Release;
		};
		E2660A3A2D53CCD2000CE3FF /* Build configuration list for PBXNativeTarget "EclipseTVTests" */ = {
			isa = XCConfigurationList;
			buildConfigurations = (
				E2660A3B2D53CCD2000CE3FF /* Debug */,
				E2660A3C2D53CCD2000CE3FF /* Release */,
			);
			defaultConfigurationIsVisible = 0;
			defaultConfigurationName = Release;
		};
		E2660A3D2D53CCD2000CE3FF /* Build configuration list for PBXNativeTarget "EclipseTVUITests" */ = {
			isa = XCConfigurationList;
			buildConfigurations = (
				E2660A3E2D53CCD2000CE3FF /* Debug */,
				E2660A3F2D53CCD2000CE3FF /* Release */,
			);
			defaultConfigurationIsVisible = 0;
			defaultConfigurationName = Release;
		};
/* End XCConfigurationList section */
	};
	rootObject = E2660A0B2D53CCD1000CE3FF /* Project object */;
}
